[[package]]
category = "main"
description = "Abseil Python Common Libraries, see https://github.com/abseil/abseil-py."
name = "absl-py"
optional = false
python-versions = "*"
version = "0.7.1"

[package.dependencies]
six = "*"

[[package]]
category = "dev"
description = "A small Python module for determining appropriate platform-specific dirs, e.g. a \"user data dir\"."
name = "appdirs"
optional = false
python-versions = "*"
version = "1.4.3"

[[package]]
category = "main"
description = "Read/rewrite/write Python ASTs"
name = "astor"
optional = false
python-versions = ">=2.7, !=3.0.*, !=3.1.*, !=3.2.*, !=3.3.*"
version = "0.8.0"

[[package]]
category = "dev"
description = "Classes Without Boilerplate"
name = "attrs"
optional = false
python-versions = ">=2.7, !=3.0.*, !=3.1.*, !=3.2.*, !=3.3.*"
version = "19.1.0"

[package.extras]
dev = ["coverage", "hypothesis", "pympler", "pytest", "six", "zope.interface", "sphinx", "pre-commit"]
docs = ["sphinx", "zope.interface"]
tests = ["coverage", "hypothesis", "pympler", "pytest", "six", "zope.interface"]

[[package]]
category = "dev"
description = "The uncompromising code formatter."
name = "black"
optional = false
python-versions = ">=3.6"
version = "18.9b0"

[package.dependencies]
appdirs = "*"
attrs = ">=17.4.0"
click = ">=6.5"
toml = ">=0.9.4"

[package.extras]
d = ["aiohttp (>=3.3.2)"]

[[package]]
category = "dev"
description = "Composable command line interface toolkit"
name = "click"
optional = false
python-versions = ">=2.7, !=3.0.*, !=3.1.*, !=3.2.*, !=3.3.*"
version = "7.0"

[[package]]
category = "main"
description = "Python AST that abstracts the underlying Python version"
name = "gast"
optional = false
python-versions = ">=2.7, !=3.0.*, !=3.1.*, !=3.2.*, !=3.3.*"
version = "0.2.2"

[[package]]
category = "main"
description = "pasta is an AST-based Python refactoring library"
name = "google-pasta"
optional = false
python-versions = "*"
version = "0.1.7"

[[package]]
category = "main"
description = "HTTP/2-based RPC framework"
name = "grpcio"
optional = false
python-versions = "*"
version = "1.22.0"

[package.dependencies]
six = ">=1.5.2"

[[package]]
category = "main"
description = "Read and write HDF5 files from Python"
name = "h5py"
optional = false
python-versions = "*"
version = "2.9.0"

[package.dependencies]
numpy = ">=1.7"
six = "*"

[[package]]
category = "main"
description = "Reference implementations of popular deep learning models"
name = "keras-applications"
optional = false
python-versions = "*"
version = "1.0.8"

[package.dependencies]
h5py = "*"
numpy = ">=1.9.1"

[package.extras]
tests = ["pytest", "pytest-pep8", "pytest-xdist", "pytest-cov"]

[[package]]
category = "main"
description = "Easy data preprocessing and data augmentation for deep learning models"
name = "keras-preprocessing"
optional = false
python-versions = "*"
version = "1.1.0"

[package.dependencies]
numpy = ">=1.9.1"
six = ">=1.9.0"

[package.extras]
image = ["scipy (>=0.14)", "Pillow (>=5.2.0)"]
pep8 = ["flake8"]
tests = ["pandas", "pillow", "tensorflow (1.7)", "keras", "pytest", "pytest-xdist", "pytest-cov"]

[[package]]
category = "main"
description = "Python implementation of Markdown."
name = "markdown"
optional = false
python-versions = ">=2.7,!=3.0.*,!=3.1.*,!=3.2.*,!=3.3.*,!=3.4.*"
version = "3.1.1"

[package.dependencies]
setuptools = ">=36"

[package.extras]
testing = ["coverage", "pyyaml"]

[[package]]
category = "main"
description = "NumPy is the fundamental package for array computing with Python."
name = "numpy"
optional = false
python-versions = ">=3.5"
version = "1.17.0"

[[package]]
category = "main"
description = "Optimizing numpys einsum function"
name = "opt-einsum"
optional = false
python-versions = ">=3.5"
version = "3.1.0"

[package.dependencies]
numpy = ">=1.7"

[package.extras]
docs = ["sphinx (1.2.3)", "sphinxcontrib-napoleon", "sphinx-rtd-theme", "numpydoc"]
tests = ["pytest", "pytest-cov", "pytest-pep8"]

[[package]]
category = "main"
description = "Protocol Buffers"
name = "protobuf"
optional = false
python-versions = "*"
version = "3.9.1"

[package.dependencies]
setuptools = "*"
six = ">=1.9"

[[package]]
category = "main"
description = "ruamel.yaml is a YAML parser/emitter that supports roundtrip preservation of comments, seq/map flow style, and map key order"
name = "ruamel.yaml"
optional = false
python-versions = "*"
version = "0.16.0"

[package.dependencies]
[package.dependencies."ruamel.yaml.clib"]
python = "<3.8"
version = "*"

[package.extras]
docs = ["ryd"]
jinja2 = ["ruamel.yaml.jinja2 (>=0.2)"]

[[package]]
category = "main"
description = "C version of reader, parser and emitter for ruamel.yaml derived from libyaml"
marker = "platform_python_implementation == \"CPython\" and python_version < \"3.8\""
name = "ruamel.yaml.clib"
optional = false
python-versions = "*"
version = "0.1.0"

[[package]]
category = "main"
description = "Python 2 and 3 compatibility utilities"
name = "six"
optional = false
python-versions = ">=2.6, !=3.0.*, !=3.1.*"
version = "1.12.0"

[[package]]
category = "main"
description = "TensorBoard lets you watch Tensors Flow"
name = "tensorboard"
optional = false
python-versions = ">= 2.7, != 3.0.*, != 3.1.*"
version = "1.15.0"

[package.dependencies]
absl-py = ">=0.4"
grpcio = ">=1.6.3"
markdown = ">=2.6.8"
numpy = ">=1.12.0"
protobuf = ">=3.6.0"
setuptools = ">=41.0.0"
six = ">=1.10.0"
werkzeug = ">=0.11.15"

[package.dependencies.wheel]
python = ">=3"
version = ">=0.26"

[[package]]
category = "main"
description = "TensorFlow is an open source machine learning framework for everyone."
name = "tensorflow"
optional = false
python-versions = "*"
version = "1.15.4"

[package.dependencies]
absl-py = ">=0.7.0"
astor = ">=0.6.0"
gast = "0.2.2"
google-pasta = ">=0.1.6"
grpcio = ">=1.8.6"
keras-applications = ">=1.0.8"
keras-preprocessing = ">=1.0.5"
numpy = ">=1.16.0,<1.19.0"
opt-einsum = ">=2.3.2"
protobuf = ">=3.6.1"
six = ">=1.10.0"
tensorboard = ">=1.15.0,<1.16.0"
tensorflow-estimator = "1.15.1"
termcolor = ">=1.1.0"
wrapt = ">=1.11.1"

[package.dependencies.wheel]
python = ">=3"
version = ">=0.26"

[[package]]
category = "main"
description = "TensorFlow Estimator."
name = "tensorflow-estimator"
optional = false
python-versions = "*"
version = "1.15.1"

[[package]]
category = "main"
description = "TensorFlow Hub is a library to foster the publication, discovery, and consumption of reusable parts of machine learning models."
name = "tensorflow-hub"
optional = false
python-versions = "*"
version = "0.5.0"

[package.dependencies]
numpy = ">=1.12.0"
protobuf = ">=3.4.0"
six = ">=1.10.0"

[[package]]
category = "main"
description = "ANSII Color formatting for output in terminal."
name = "termcolor"
optional = false
python-versions = "*"
version = "1.1.0"

[[package]]
category = "dev"
description = "Python Library for Tom's Obvious, Minimal Language"
name = "toml"
optional = false
python-versions = "*"
version = "0.10.0"

[[package]]
category = "main"
description = "Fast, Extensible Progress Meter"
name = "tqdm"
optional = false
python-versions = ">=2.6, !=3.0.*, !=3.1.*"
version = "4.32.2"

[package.extras]
dev = ["py-make (>=0.1.0)", "twine", "argopt", "pydoc-markdown"]

[[package]]
category = "main"
description = "The comprehensive WSGI web application library."
name = "werkzeug"
optional = false
python-versions = ">=2.7, !=3.0.*, !=3.1.*, !=3.2.*, !=3.3.*"
version = "0.15.5"

[package.extras]
dev = ["pytest", "coverage", "tox", "sphinx", "pallets-sphinx-themes", "sphinx-issues"]
termcolor = ["termcolor"]
watchdog = ["watchdog"]

[[package]]
category = "main"
description = "A built-package format for Python."
marker = "python_version >= \"3\""
name = "wheel"
optional = false
python-versions = ">=2.7, !=3.0.*, !=3.1.*, !=3.2.*, !=3.3.*"
version = "0.33.4"

[package.extras]
test = ["pytest (>=3.0.0)", "pytest-cov"]

[[package]]
category = "main"
description = "Module for decorators, wrappers and monkey patching."
name = "wrapt"
optional = false
python-versions = "*"
version = "1.11.2"

[metadata]
content-hash = "50a1c4e829bbcd49b7ece15e6b8b04cfccf6f3e0af1532b72baa5bcb22238816"
lock-version = "1.0"
python-versions = "^3.6"

[metadata.files]
absl-py = [
    {file = "absl-py-0.7.1.tar.gz", hash = "sha256:b943d1c567743ed0455878fcd60bc28ac9fae38d129d1ccfad58079da00b8951"},
]
appdirs = [
    {file = "appdirs-1.4.3-py2.py3-none-any.whl", hash = "sha256:d8b24664561d0d34ddfaec54636d502d7cea6e29c3eaf68f3df6180863e2166e"},
    {file = "appdirs-1.4.3.tar.gz", hash = "sha256:9e5896d1372858f8dd3344faf4e5014d21849c756c8d5701f78f8a103b372d92"},
]
astor = [
    {file = "astor-0.8.0-py2.py3-none-any.whl", hash = "sha256:0e41295809baf43ae8303350e031aff81ae52189b6f881f36d623fa8b2f1960e"},
    {file = "astor-0.8.0.tar.gz", hash = "sha256:37a6eed8b371f1228db08234ed7f6cfdc7817a3ed3824797e20cbb11dc2a7862"},
]
attrs = [
    {file = "attrs-19.1.0-py2.py3-none-any.whl", hash = "sha256:69c0dbf2ed392de1cb5ec704444b08a5ef81680a61cb899dc08127123af36a79"},
    {file = "attrs-19.1.0.tar.gz", hash = "sha256:f0b870f674851ecbfbbbd364d6b5cbdff9dcedbc7f3f5e18a6891057f21fe399"},
]
black = [
    {file = "black-18.9b0-py36-none-any.whl", hash = "sha256:817243426042db1d36617910df579a54f1afd659adb96fc5032fcf4b36209739"},
    {file = "black-18.9b0.tar.gz", hash = "sha256:e030a9a28f542debc08acceb273f228ac422798e5215ba2a791a6ddeaaca22a5"},
]
click = [
    {file = "Click-7.0-py2.py3-none-any.whl", hash = "sha256:2335065e6395b9e67ca716de5f7526736bfa6ceead690adf616d925bdc622b13"},
    {file = "Click-7.0.tar.gz", hash = "sha256:5b94b49521f6456670fdb30cd82a4eca9412788a93fa6dd6df72c94d5a8ff2d7"},
]
gast = [
    {file = "gast-0.2.2.tar.gz", hash = "sha256:fe939df4583692f0512161ec1c880e0a10e71e6a232da045ab8edd3756fbadf0"},
]
google-pasta = [
    {file = "google-pasta-0.1.7.tar.gz", hash = "sha256:79d1ce28b381d68e98ef7707d19909adb58912f8dae8734402454424fc76b8fe"},
    {file = "google_pasta-0.1.7-py2-none-any.whl", hash = "sha256:7ca8afc4cfeebf4a079cdf586333d5447cecd19a997475136138fc83c3351bc4"},
    {file = "google_pasta-0.1.7-py3-none-any.whl", hash = "sha256:40b4f55ba7b44823eac96d055000572c84ce48cacb3e91c100869844064b2d07"},
]
grpcio = [
    {file = "grpcio-1.22.0-cp27-cp27m-macosx_10_9_x86_64.whl", hash = "sha256:6b7163d1e85d76b0815df63fcc310daec02b44532bb433f743142d4febcb181f"},
    {file = "grpcio-1.22.0-cp27-cp27m-manylinux1_i686.whl", hash = "sha256:5bf58e1d2c2f55365c06e8cb5abe067b88ca2e5550fb62009c41df4b54505acf"},
    {file = "grpcio-1.22.0-cp27-cp27m-manylinux1_x86_64.whl", hash = "sha256:a0a02a8b4ba6deadf706d5f849539b3685b72b186a3c9ef5d43e8972ed60fb6f"},
    {file = "grpcio-1.22.0-cp27-cp27m-win32.whl", hash = "sha256:bdec982610259d07156a58f80b8c3e69be7751a9208bc577b059c5193d087fad"},
    {file = "grpcio-1.22.0-cp27-cp27m-win_amd64.whl", hash = "sha256:22e167a9406d73dd19ffe8ed6a485f17e6eac82505be8c108897f15e68badcbb"},
    {file = "grpcio-1.22.0-cp27-cp27mu-linux_armv7l.whl", hash = "sha256:770b7372d5ca68308ff66d7baee53369fa5ce985f84bcb6aa1948c1f2f7b02f2"},
    {file = "grpcio-1.22.0-cp27-cp27mu-manylinux1_i686.whl", hash = "sha256:a4059c59519f5940e01a071f74ae2a60ea8f6185b03d22a09d40c7959a36b16b"},
    {file = "grpcio-1.22.0-cp27-cp27mu-manylinux1_x86_64.whl", hash = "sha256:87a41630c90c179fa5c593400f30a467c498972c702f348d41e19dafeb1d319e"},
    {file = "grpcio-1.22.0-cp34-cp34m-linux_armv7l.whl", hash = "sha256:da76dc5ad719ee99de5ea28a5629ff92172cbb4a70d8a6ae3a5b7a53c7382ce1"},
    {file = "grpcio-1.22.0-cp34-cp34m-macosx_10_7_intel.whl", hash = "sha256:e3d88091d2539a4868750914a6fe7b9ec50e42b913851fc1b77423b5bd918530"},
    {file = "grpcio-1.22.0-cp34-cp34m-manylinux1_i686.whl", hash = "sha256:8078305e77c2f6649d36b24d8778096413e474d9d7892c6f92cfb589c9d71b2e"},
    {file = "grpcio-1.22.0-cp34-cp34m-manylinux1_x86_64.whl", hash = "sha256:adcdebf9f8463df4120c427cf6c9aed39258bccd03ed37b6939e7a145d64d6e0"},
    {file = "grpcio-1.22.0-cp34-cp34m-win32.whl", hash = "sha256:857d9b939ae128be1c0c792eb885c7ff6a386b9dea899ac4b06f4d90a31f9d87"},
    {file = "grpcio-1.22.0-cp34-cp34m-win_amd64.whl", hash = "sha256:a6e028c2a6da2ebfa2365a5b32531d311fbfec0e3600fc27e901b64f0ff7e54e"},
    {file = "grpcio-1.22.0-cp35-cp35m-linux_armv7l.whl", hash = "sha256:dde2452c08ef8b6426ccab6b5b6de9f06d836d9937d6870e68153cbf8cb49348"},
    {file = "grpcio-1.22.0-cp35-cp35m-macosx_10_7_intel.whl", hash = "sha256:31d0aeca8d8ee2301c62c5c340e0889d653b1280d68f9fa203982cb6337b050e"},
    {file = "grpcio-1.22.0-cp35-cp35m-manylinux1_i686.whl", hash = "sha256:5471444f53f9db6a1f1f11f5dbc173228881df8446380b6b98f90afb8fd8348e"},
    {file = "grpcio-1.22.0-cp35-cp35m-manylinux1_x86_64.whl", hash = "sha256:cefc4d4251ffb73feb303d4b7e9d6c367cb60f2db16d259ea28b114045f965aa"},
    {file = "grpcio-1.22.0-cp35-cp35m-win32.whl", hash = "sha256:85600b63a386d860eeaa955e9335e18dd0d7e5477e9214825abf2c2884488369"},
    {file = "grpcio-1.22.0-cp35-cp35m-win_amd64.whl", hash = "sha256:1ce0ccfbdfe84387dbcbf44adb4ae16ec7ae70e166ffab478993eb1ea1cba3ce"},
    {file = "grpcio-1.22.0-cp36-cp36m-linux_armv7l.whl", hash = "sha256:03b78b4e7dcdfe3e257bb528cc93923f9cbbab6d5babf15a60d21e9a4a70b1a2"},
    {file = "grpcio-1.22.0-cp36-cp36m-macosx_10_9_x86_64.whl", hash = "sha256:9e1b80bd65f8f160880cb4dad7f55697f6d37b2d7f251fc0c2128e811928f369"},
    {file = "grpcio-1.22.0-cp36-cp36m-manylinux1_i686.whl", hash = "sha256:9ec9f88b5bc94bd99372f27cdd53af1c92ba06717380b127733b953cfb181174"},
    {file = "grpcio-1.22.0-cp36-cp36m-manylinux1_x86_64.whl", hash = "sha256:561bca3b1bde6d6564306eb05848fd155136e9c3a25d2961129b1e2edba22fce"},
    {file = "grpcio-1.22.0-cp36-cp36m-win32.whl", hash = "sha256:766d79cddad95f5f6020037fe60ea8b98578afdf0c59d5a60c106c1bdd886303"},
    {file = "grpcio-1.22.0-cp36-cp36m-win_amd64.whl", hash = "sha256:f9c67cfe6278499d7f83559dc6322a8bbb108e307817a3d7acbfea807b3603cc"},
    {file = "grpcio-1.22.0-cp37-cp37m-macosx_10_9_x86_64.whl", hash = "sha256:9e290c84a145ae2411ee0ec9913c41cd7500e2e7485fe93632434d84ef4fda67"},
    {file = "grpcio-1.22.0-cp37-cp37m-manylinux1_i686.whl", hash = "sha256:8d71b7a89c306a41ccc7741fc9409b14f5b86727455c2a1c0c7cfcb0f784e1f2"},
    {file = "grpcio-1.22.0-cp37-cp37m-manylinux1_x86_64.whl", hash = "sha256:44c7f99ca17ebbcc96fc54ed00b454d8313f1eac28c563098d8b901025aff941"},
    {file = "grpcio-1.22.0-cp37-cp37m-win32.whl", hash = "sha256:7ab178da777fc0f55b6aef5a755f99726e8e4b75e3903954df07b27059b54fcf"},
    {file = "grpcio-1.22.0-cp37-cp37m-win_amd64.whl", hash = "sha256:d4145c8aa6afbac10ad27e408f7ce15992fe89ba5d0b4abca31c0c2729864c03"},
    {file = "grpcio-1.22.0.tar.gz", hash = "sha256:8805d486c6128cc0fcc8ecf16c4095d99a8693a541ef851429ab334e028a4a97"},
]
h5py = [
    {file = "h5py-2.9.0-cp27-cp27m-macosx_10_6_intel.macosx_10_9_intel.macosx_10_9_x86_64.macosx_10_10_intel.macosx_10_10_x86_64.whl", hash = "sha256:f3b49107fbfc77333fc2b1ef4d5de2abcd57e7ea3a1482455229494cf2da56ce"},
    {file = "h5py-2.9.0-cp27-cp27m-manylinux1_i686.whl", hash = "sha256:0f94de7a10562b991967a66bbe6dda9808e18088676834c0a4dcec3fdd3bcc6f"},
    {file = "h5py-2.9.0-cp27-cp27m-manylinux1_x86_64.whl", hash = "sha256:713ac19307e11de4d9833af0c4bd6778bde0a3d967cafd2f0f347223711c1e31"},
    {file = "h5py-2.9.0-cp27-cp27m-win32.whl", hash = "sha256:4162953714a9212d373ac953c10e3329f1e830d3c7473f2a2e4f25dd6241eef0"},
    {file = "h5py-2.9.0-cp27-cp27m-win_amd64.whl", hash = "sha256:407b5f911a83daa285bbf1ef78a9909ee5957f257d3524b8606be37e8643c5f0"},
    {file = "h5py-2.9.0-cp27-cp27mu-manylinux1_i686.whl", hash = "sha256:30e365e8408759db3778c361f1e4e0fe8e98a875185ae46c795a85e9bafb9cdf"},
    {file = "h5py-2.9.0-cp27-cp27mu-manylinux1_x86_64.whl", hash = "sha256:3206bac900e16eda81687d787086f4ffd4f3854980d798e191a9868a6510c3ae"},
    {file = "h5py-2.9.0-cp34-cp34m-macosx_10_6_intel.macosx_10_9_intel.macosx_10_9_x86_64.macosx_10_10_intel.macosx_10_10_x86_64.whl", hash = "sha256:106e42e2e01e486a3d32eeb9ba0e3a7f65c12fa8998d63625fa41fb8bdc44cdb"},
    {file = "h5py-2.9.0-cp34-cp34m-manylinux1_i686.whl", hash = "sha256:1606c66015f04719c41a9863c156fc0e6b992150de21c067444bcb82e7d75579"},
    {file = "h5py-2.9.0-cp34-cp34m-manylinux1_x86_64.whl", hash = "sha256:e58a25764472af07b7e1c4b10b0179c8ea726446c7141076286e41891bf3a563"},
    {file = "h5py-2.9.0-cp34-cp34m-win32.whl", hash = "sha256:0dd2adeb2e9de5081eb8dcec88874e7fd35dae9a21557be3a55a3c7d491842a4"},
    {file = "h5py-2.9.0-cp34-cp34m-win_amd64.whl", hash = "sha256:b9e4b8dfd587365bdd719ae178fa1b6c1231f81280b1375eef8626dfd8761bf3"},
    {file = "h5py-2.9.0-cp35-cp35m-macosx_10_6_intel.macosx_10_9_intel.macosx_10_9_x86_64.macosx_10_10_intel.macosx_10_10_x86_64.whl", hash = "sha256:082a27208aa3a2286e7272e998e7e225b2a7d4b7821bd840aebf96d50977abbb"},
    {file = "h5py-2.9.0-cp35-cp35m-manylinux1_i686.whl", hash = "sha256:c5dd4ec75985b99166c045909e10f0534704d102848b1d9f0992720e908928e7"},
    {file = "h5py-2.9.0-cp35-cp35m-manylinux1_x86_64.whl", hash = "sha256:8cc4aed71e20d87e0a6f02094d718a95252f11f8ed143bc112d22167f08d4040"},
    {file = "h5py-2.9.0-cp35-cp35m-win32.whl", hash = "sha256:2cca17e80ddb151894333377675db90cd0279fa454776e0a4f74308376afd050"},
    {file = "h5py-2.9.0-cp35-cp35m-win_amd64.whl", hash = "sha256:71b946d80ef3c3f12db157d7778b1fe74a517ca85e94809358b15580983c2ce2"},
    {file = "h5py-2.9.0-cp36-cp36m-macosx_10_6_intel.macosx_10_9_intel.macosx_10_9_x86_64.macosx_10_10_intel.macosx_10_10_x86_64.whl", hash = "sha256:5fc7aba72a51b2c80605eba1c50dbf84224dcd206279d30a75c154e5652e1fe4"},
    {file = "h5py-2.9.0-cp36-cp36m-manylinux1_i686.whl", hash = "sha256:d2b82f23cd862a9d05108fe99967e9edfa95c136f532a71cb3d28dc252771f50"},
    {file = "h5py-2.9.0-cp36-cp36m-manylinux1_x86_64.whl", hash = "sha256:1e9fb6f1746500ea91a00193ce2361803c70c6b13f10aae9a33ad7b5bd28e800"},
    {file = "h5py-2.9.0-cp36-cp36m-win32.whl", hash = "sha256:3c23d72058647cee19b30452acc7895621e2de0a0bd5b8a1e34204b9ea9ed43c"},
    {file = "h5py-2.9.0-cp36-cp36m-win_amd64.whl", hash = "sha256:a744e13b000f234cd5a5b2a1f95816b819027c57f385da54ad2b7da1adace2f3"},
    {file = "h5py-2.9.0-cp37-cp37m-macosx_10_6_intel.macosx_10_9_intel.macosx_10_9_x86_64.macosx_10_10_intel.macosx_10_10_x86_64.whl", hash = "sha256:1854c4beff9961e477e133143c5e5e355dac0b3ebf19c52cf7cc1b1ef757703c"},
    {file = "h5py-2.9.0-cp37-cp37m-manylinux1_i686.whl", hash = "sha256:08e2e8297195f9e813e894b6c63f79372582787795bba2014a2db6a2de95f713"},
    {file = "h5py-2.9.0-cp37-cp37m-manylinux1_x86_64.whl", hash = "sha256:05750b91640273c69989c657eaac34b091abdd75efc8c4824c82aaf898a2da0a"},
    {file = "h5py-2.9.0-cp37-cp37m-win32.whl", hash = "sha256:b087ee01396c4b34e9dc41e3a6a0442158206d383c19c7d0396d52067b17c1cb"},
    {file = "h5py-2.9.0-cp37-cp37m-win_amd64.whl", hash = "sha256:b0f03af381d33306ce67d18275b61acb4ca111ced645381387a02c8a5ee1b796"},
    {file = "h5py-2.9.0-cp38-cp38-manylinux1_x86_64.whl", hash = "sha256:effab36e7fcb1c1a7b9bf5c014fdce226a4a09e498e9590bc6f36b23120c9f3e"},
    {file = "h5py-2.9.0.tar.gz", hash = "sha256:9d41ca62daf36d6b6515ab8765e4c8c4388ee18e2a665701fef2b41563821002"},
]
keras-applications = [
    {file = "Keras_Applications-1.0.8-py3-none-any.whl", hash = "sha256:df4323692b8c1174af821bf906f1e442e63fa7589bf0f1230a0b6bdc5a810c95"},
    {file = "Keras_Applications-1.0.8.tar.gz", hash = "sha256:5579f9a12bcde9748f4a12233925a59b93b73ae6947409ff34aa2ba258189fe5"},
]
keras-preprocessing = [
    {file = "Keras_Preprocessing-1.1.0-py2.py3-none-any.whl", hash = "sha256:44aee5f2c4d80c3b29f208359fcb336df80f293a0bb6b1c738da43ca206656fb"},
    {file = "Keras_Preprocessing-1.1.0.tar.gz", hash = "sha256:5a8debe01d840de93d49e05ccf1c9b81ae30e210d34dacbcc47aeb3049b528e5"},
]
markdown = [
    {file = "Markdown-3.1.1-py2.py3-none-any.whl", hash = "sha256:56a46ac655704b91e5b7e6326ce43d5ef72411376588afa1dd90e881b83c7e8c"},
    {file = "Markdown-3.1.1.tar.gz", hash = "sha256:2e50876bcdd74517e7b71f3e7a76102050edec255b3983403f1a63e7c8a41e7a"},
]
numpy = [
    {file = "numpy-1.17.0-cp35-cp35m-macosx_10_6_intel.macosx_10_9_intel.macosx_10_9_x86_64.macosx_10_10_intel.macosx_10_10_x86_64.whl", hash = "sha256:910d2272403c2ea8a52d9159827dc9f7c27fb4b263749dca884e2e4a8af3b302"},
    {file = "numpy-1.17.0-cp35-cp35m-manylinux1_i686.whl", hash = "sha256:9ce8300950f2f1d29d0e49c28ebfff0d2f1e2a7444830fbb0b913c7c08f31511"},
    {file = "numpy-1.17.0-cp35-cp35m-manylinux1_x86_64.whl", hash = "sha256:7724e9e31ee72389d522b88c0d4201f24edc34277999701ccd4a5392e7d8af61"},
    {file = "numpy-1.17.0-cp35-cp35m-win32.whl", hash = "sha256:0cdd229a53d2720d21175012ab0599665f8c9588b3b8ffa6095dd7b90f0691dd"},
    {file = "numpy-1.17.0-cp35-cp35m-win_amd64.whl", hash = "sha256:5adfde7bd3ee4864536e230bcab1c673f866736698724d5d28c11a4d63672658"},
    {file = "numpy-1.17.0-cp36-cp36m-macosx_10_6_intel.macosx_10_9_intel.macosx_10_9_x86_64.macosx_10_10_intel.macosx_10_10_x86_64.whl", hash = "sha256:464b1c48baf49e8505b1bb754c47a013d2c305c5b14269b5c85ea0625b6a988a"},
    {file = "numpy-1.17.0-cp36-cp36m-manylinux1_i686.whl", hash = "sha256:eb0fc4a492cb896346c9e2c7a22eae3e766d407df3eb20f4ce027f23f76e4c54"},
    {file = "numpy-1.17.0-cp36-cp36m-manylinux1_x86_64.whl", hash = "sha256:9588c6b4157f493edeb9378788dcd02cb9e6a6aeaa518b511a1c79d06cbd8094"},
    {file = "numpy-1.17.0-cp36-cp36m-win32.whl", hash = "sha256:03e311b0a4c9f5755da7d52161280c6a78406c7be5c5cc7facfbcebb641efb7e"},
    {file = "numpy-1.17.0-cp36-cp36m-win_amd64.whl", hash = "sha256:c3ab2d835b95ccb59d11dfcd56eb0480daea57cdf95d686d22eff35584bc4554"},
    {file = "numpy-1.17.0-cp37-cp37m-macosx_10_6_intel.macosx_10_9_intel.macosx_10_9_x86_64.macosx_10_10_intel.macosx_10_10_x86_64.whl", hash = "sha256:f4e4612de60a4f1c4d06c8c2857cdcb2b8b5289189a12053f37d3f41f06c60d0"},
    {file = "numpy-1.17.0-cp37-cp37m-manylinux1_i686.whl", hash = "sha256:312bb18e95218bedc3563f26fcc9c1c6bfaaf9d453d15942c0839acdd7e4c473"},
    {file = "numpy-1.17.0-cp37-cp37m-manylinux1_x86_64.whl", hash = "sha256:8d36f7c53ae741e23f54793ffefb2912340b800476eb0a831c6eb602e204c5c4"},
    {file = "numpy-1.17.0-cp37-cp37m-win32.whl", hash = "sha256:ec0c56eae6cee6299f41e780a0280318a93db519bbb2906103c43f3e2be1206c"},
    {file = "numpy-1.17.0-cp37-cp37m-win_amd64.whl", hash = "sha256:be39cca66cc6806652da97103605c7b65ee4442c638f04ff064a7efd9a81d50a"},
    {file = "numpy-1.17.0.zip", hash = "sha256:951fefe2fb73f84c620bec4e001e80a80ddaa1b84dce244ded7f1e0cbe0ed34a"},
]
opt-einsum = [
    {file = "opt_einsum-3.1.0.tar.gz", hash = "sha256:edfada4b1d0b3b782ace8bc14e80618ff629abf53143e1e6bbf9bd00b11ece77"},
]
protobuf = [
    {file = "protobuf-3.9.1-cp27-cp27m-macosx_10_9_intel.whl", hash = "sha256:eabc4cf1bc19689af8022ba52fd668564a8d96e0d08f3b4732d26a64255216a4"},
    {file = "protobuf-3.9.1-cp27-cp27mu-manylinux1_x86_64.whl", hash = "sha256:55f85b7808766e5e3f526818f5e2aeb5ba2edcc45bcccede46a3ccc19b569cb0"},
    {file = "protobuf-3.9.1-cp35-cp35m-macosx_10_9_intel.whl", hash = "sha256:0a795bca65987b62d6b8a2d934aa317fd1a4d06a6dd4df36312f5b0ade44a8d9"},
    {file = "protobuf-3.9.1-cp35-cp35m-manylinux1_x86_64.whl", hash = "sha256:fcff6086c86fb1628d94ea455c7b9de898afc50378042927a59df8065a79a549"},
    {file = "protobuf-3.9.1-cp35-cp35m-win32.whl", hash = "sha256:64ab9bc971989cbdd648c102a96253fdf0202b0c38f15bd34759a8707bdd5f64"},
    {file = "protobuf-3.9.1-cp35-cp35m-win_amd64.whl", hash = "sha256:00a1b0b352dc7c809749526d1688a64b62ea400c5b05416f93cfb1b11a036295"},
    {file = "protobuf-3.9.1-cp36-cp36m-macosx_10_9_intel.whl", hash = "sha256:32a3abf79b0bef073c70656e86d5bd68a28a1fbb138429912c4fc07b9d426b07"},
    {file = "protobuf-3.9.1-cp36-cp36m-manylinux1_x86_64.whl", hash = "sha256:de2760583ed28749ff885789c1cbc6c9c06d6de92fc825740ab99deb2f25ea4d"},
    {file = "protobuf-3.9.1-cp36-cp36m-win32.whl", hash = "sha256:64cf847e843a465b6c1ba90fb6c7f7844d54dbe9eb731e86a60981d03f5b2e6e"},
    {file = "protobuf-3.9.1-cp36-cp36m-win_amd64.whl", hash = "sha256:afed9003d7f2be2c3df20f64220c30faec441073731511728a2cb4cab4cd46a6"},
    {file = "protobuf-3.9.1-cp37-cp37m-macosx_10_9_intel.whl", hash = "sha256:bf8e05d638b585d1752c5a84247134a0350d3a8b73d3632489a014a9f6f1e758"},
    {file = "protobuf-3.9.1-cp37-cp37m-manylinux1_x86_64.whl", hash = "sha256:01acbca2d2c8c3f7f235f1842440adbe01bbc379fa1cbdd80753801432b3fae9"},
    {file = "protobuf-3.9.1-cp37-cp37m-win32.whl", hash = "sha256:31b18e1434b4907cb0113e7a372cd4d92c047ce7ba0fa7ea66a404d6388ed2c1"},
    {file = "protobuf-3.9.1-cp37-cp37m-win_amd64.whl", hash = "sha256:0ec035114213b6d6e7713987a759d762dd94e9f82284515b3b7331f34bfaec7f"},
    {file = "protobuf-3.9.1-py2.7.egg", hash = "sha256:b883d7eb129b1b57c5128146bc7c2d1f15de457e96a549827fbee6f26eeedc46"},
    {file = "protobuf-3.9.1-py2.py3-none-any.whl", hash = "sha256:917c8662b585470e8fd42f052661fc66d59fccaae450a60044307dcbf82a3335"},
    {file = "protobuf-3.9.1.tar.gz", hash = "sha256:d831b047bd69becaf64019a47179eb22118a50dd008340655266a906c69c6417"},
]
"ruamel.yaml" = [
    {file = "ruamel.yaml-0.16.0-py2.py3-none-any.whl", hash = "sha256:eb4b1ffd095785c50f110118cb6f7bb9cd011ecc013b014436d38b7f8fb7afa9"},
    {file = "ruamel.yaml-0.16.0.tar.gz", hash = "sha256:4c1dbad22790b5ea8587c2a0cae97ebc7a9d0d88de5d0edb70dea2eab7d8534a"},
]
"ruamel.yaml.clib" = [
    {file = "ruamel.yaml.clib-0.1.0-cp27-cp27m-macosx_10_9_x86_64.whl", hash = "sha256:9e1acd628f2bf601fd4df69523476ee4640be8ba7d9aff8f04cd66a1ae07f119"},
    {file = "ruamel.yaml.clib-0.1.0-cp27-cp27m-manylinux1_x86_64.whl", hash = "sha256:750a15f07178d91204ce4baffb16697cef4c8f583495d4f0fec52902dad8e7fc"},
    {file = "ruamel.yaml.clib-0.1.0-cp27-cp27m-win32.whl", hash = "sha256:4dc088e55e0cc3f8c18652e830e3ecff159425f01327de4d94e5ce473fdcd2f8"},
    {file = "ruamel.yaml.clib-0.1.0-cp27-cp27m-win_amd64.whl", hash = "sha256:53768934bc28ce07ca82c02d9db6717ae9bad4cdf9511d3a3e6d1b576235d04e"},
    {file = "ruamel.yaml.clib-0.1.0-cp27-cp27mu-manylinux1_x86_64.whl", hash = "sha256:4040ddea350698138e341395508b8dd7610b2312177cb41c8db2b6260adee348"},
    {file = "ruamel.yaml.clib-0.1.0-cp35-cp35m-macosx_10_6_intel.whl", hash = "sha256:f36035f1c0b6a7a20010e98b582d38272514a77f34cd45ec0d2847abaa89ac78"},
    {file = "ruamel.yaml.clib-0.1.0-cp35-cp35m-manylinux1_x86_64.whl", hash = "sha256:b31bc078c9bac3dbb5855e94eb382aeef23076bf3d1a2d02ee8d91c55567cb08"},
    {file = "ruamel.yaml.clib-0.1.0-cp35-cp35m-win32.whl", hash = "sha256:e9b6ebb62806817b01e9eea9fc7da57c12557e44e94e79f5fa82eca4bc7fad60"},
    {file = "ruamel.yaml.clib-0.1.0-cp35-cp35m-win_amd64.whl", hash = "sha256:66df3233e5cca3528be2a700f2a54e26262dde6d5e22b34953e7f44785857c8c"},
    {file = "ruamel.yaml.clib-0.1.0-cp36-cp36m-macosx_10_9_x86_64.whl", hash = "sha256:820ec13201ed5c015dc74ea7087b2c5c56b8aeb51af4b7d7c859e0b45c07f035"},
    {file = "ruamel.yaml.clib-0.1.0-cp36-cp36m-manylinux1_x86_64.whl", hash = "sha256:53fd2ef53be8301707662f4c353731d97a4cb2b372972b7dcd73ef245dbab9e9"},
    {file = "ruamel.yaml.clib-0.1.0-cp36-cp36m-win32.whl", hash = "sha256:5712728e6ba56d3b93f5f99a175760c778420caae714687592548c4f7699782e"},
    {file = "ruamel.yaml.clib-0.1.0-cp36-cp36m-win_amd64.whl", hash = "sha256:c1333e8911c29c6e209db117345141d5fcb772464d62cac3e117912a965d9619"},
    {file = "ruamel.yaml.clib-0.1.0-cp37-cp37m-macosx_10_9_x86_64.whl", hash = "sha256:da610ff9feeb075641128ce40881d2ac3c8e57e7ea04636169b0c3b5e8f711f7"},
    {file = "ruamel.yaml.clib-0.1.0-cp37-cp37m-manylinux1_x86_64.whl", hash = "sha256:32c37bdc7ee5fbc5e794b497b98f98ecc12e1f1541cdd3bbd65f8ec32e0270d2"},
    {file = "ruamel.yaml.clib-0.1.0-cp37-cp37m-win32.whl", hash = "sha256:d583e7b9646418dff5ee0e36875b3cabc3d0fb925dfdeec239697c583388f9b2"},
    {file = "ruamel.yaml.clib-0.1.0-cp37-cp37m-win_amd64.whl", hash = "sha256:8dcab8a09c17a030d046749eb97ed9a81e02bb642d7816e8757fc5a3016af89d"},
    {file = "ruamel.yaml.clib-0.1.0-cp38-cp38m-manylinux1_x86_64.whl", hash = "sha256:b7a681e2d6dbd147ec9808cb1a736c1ef96bc2c693f54e0fc01fe0d10409bd88"},
    {file = "ruamel.yaml.clib-0.1.0.tar.gz", hash = "sha256:385b70734435d2f66f00823d4e224c1a4b53dfeaf9ded3a655a6a2f9c229b1f6"},
]
six = [
    {file = "six-1.12.0-py2.py3-none-any.whl", hash = "sha256:3350809f0555b11f552448330d0b52d5f24c91a322ea4a15ef22629740f3761c"},
    {file = "six-1.12.0.tar.gz", hash = "sha256:d16a0141ec1a18405cd4ce8b4613101da75da0e9a7aec5bdd4fa804d0e0eba73"},
]
tensorboard = [
    {file = "tensorboard-1.15.0-py2-none-any.whl", hash = "sha256:612b789386aa1b2c4804e1961273b37f8e4dd97613f98bc90ff0402d24627f50"},
    {file = "tensorboard-1.15.0-py3-none-any.whl", hash = "sha256:4cad2c65f6011e51609b463014c014fd7c6ddd9c1263af1d4f18dd97ed88c2bc"},
]
tensorflow = [
    {file = "tensorflow-1.15.4-cp35-cp35m-macosx_10_6_intel.whl", hash = "sha256:5ae7d1ebff875f2e2ddb07406188ffdaae72b2167f01ed4a237e409435609ec8"},
    {file = "tensorflow-1.15.4-cp35-cp35m-manylinux2010_x86_64.whl", hash = "sha256:276f344fce4cea76fef109d56d6bf098a118d97e0cc34ae131bfea554ed95950"},
    {file = "tensorflow-1.15.4-cp35-cp35m-win_amd64.whl", hash = "sha256:a9a2a6d8623ba6021fc1ba5b8a92e98b78a4c726cbae18e722b04ea0c6913f98"},
    {file = "tensorflow-1.15.4-cp36-cp36m-macosx_10_9_x86_64.whl", hash = "sha256:12e24e76c5816ffb0b25c814966fe4c233aed127c49fdb3fc312786e8120efdf"},
    {file = "tensorflow-1.15.4-cp36-cp36m-manylinux2010_x86_64.whl", hash = "sha256:02bd09bf06a08044902615281f2fe12148a7b5615b6c14b22ac14fe6020d43bc"},
    {file = "tensorflow-1.15.4-cp36-cp36m-win_amd64.whl", hash = "sha256:ce24ed398cc3c3f4582e7944456e2d9a97f2a5b1b6bf9f24dd2c8faf6e2b66f3"},
    {file = "tensorflow-1.15.4-cp37-cp37m-macosx_10_9_x86_64.whl", hash = "sha256:a02f78aa4209d493288e05e3c8ebb585d3a1e7e6efa3e4d6e07afefd8c542357"},
    {file = "tensorflow-1.15.4-cp37-cp37m-manylinux2010_x86_64.whl", hash = "sha256:e1d291034f767a94d6bc1c0ca35d4799652e4b6580fd5d898caae9a149ae7ed0"},
    {file = "tensorflow-1.15.4-cp37-cp37m-win_amd64.whl", hash = "sha256:e166eb107bc7174f2e353791ddbc93f797024d71bbb3f3626d0ccc333cf8463b"},
]
tensorflow-estimator = [
    {file = "tensorflow_estimator-1.15.1-py2.py3-none-any.whl", hash = "sha256:8853bfb7c3c96fbdc80b3d66c37a10af6ccbcd235dc87474764270c02a0f86b9"},
]
tensorflow-hub = [
    {file = "tensorflow_hub-0.5.0-py2.py3-none-any.whl", hash = "sha256:0c91f48a81cb0d1519bbff54d88f5f6cb4ae798569beea01080a42ede0ed7698"},
]
termcolor = [
    {file = "termcolor-1.1.0.tar.gz", hash = "sha256:1d6d69ce66211143803fbc56652b41d73b4a400a2891d7bf7a1cdf4c02de613b"},
]
toml = [
    {file = "toml-0.10.0-py2.7.egg", hash = "sha256:f1db651f9657708513243e61e6cc67d101a39bad662eaa9b5546f789338e07a3"},
    {file = "toml-0.10.0-py2.py3-none-any.whl", hash = "sha256:235682dd292d5899d361a811df37e04a8828a5b1da3115886b73cf81ebc9100e"},
    {file = "toml-0.10.0.tar.gz", hash = "sha256:229f81c57791a41d65e399fc06bf0848bab550a9dfd5ed66df18ce5f05e73d5c"},
]
tqdm = [
    {file = "tqdm-4.32.2-py2.py3-none-any.whl", hash = "sha256:14a285392c32b6f8222ecfbcd217838f88e11630affe9006cd0e94c7eff3cb61"},
    {file = "tqdm-4.32.2.tar.gz", hash = "sha256:25d4c0ea02a305a688e7e9c2cdc8f862f989ef2a4701ab28ee963295f5b109ab"},
]
werkzeug = [
    {file = "Werkzeug-0.15.5-py2.py3-none-any.whl", hash = "sha256:87ae4e5b5366da2347eb3116c0e6c681a0e939a33b2805e2c0cbd282664932c4"},
    {file = "Werkzeug-0.15.5.tar.gz", hash = "sha256:a13b74dd3c45f758d4ebdb224be8f1ab8ef58b3c0ffc1783a8c7d9f4f50227e6"},
]
wheel = [
    {file = "wheel-0.33.4-py2.py3-none-any.whl", hash = "sha256:5e79117472686ac0c4aef5bad5172ea73a1c2d1646b808c35926bd26bdfb0c08"},
    {file = "wheel-0.33.4.tar.gz", hash = "sha256:62fcfa03d45b5b722539ccbc07b190e4bfff4bb9e3a4d470dd9f6a0981002565"},
]
wrapt = [
    {file = "wrapt-1.11.2.tar.gz", hash = "sha256:565a021fd19419476b9362b05eeaa094178de64f8361e44468f9e9d7843901e1"},
]
